{
  "name": "vite-jsapi-app",
  "version": "0.0.0",
  "lockfileVersion": 1,
  "requires": true,
  "dependencies": {
    "@arcgis/core": {
      "version": "4.18.1",
      "resolved": "https://registry.npmjs.org/@arcgis/core/-/core-4.18.1.tgz",
      "integrity": "sha512-Y44XzGSJrlk6r/djcpNSzK8XNt5zPHo56o5Ai3ghu3uARS9thuZIiuPs/xOufKrtWpV7GwxII5M5++dxhfDwDg==",
      "requires": {
        "@esri/arcgis-html-sanitizer": "~2.5.0",
        "@esri/calcite-colors": "~5.0.0",
        "@popperjs/core": "~2.4.4",
        "focus-trap": "~6.2.2",
        "moment": "~2.29.1",
        "sortablejs": "~1.10.2"
      }
    },
    "@esri/arcgis-html-sanitizer": {
      "version": "2.5.0",
      "resolved": "https://registry.npmjs.org/@esri/arcgis-html-sanitizer/-/arcgis-html-sanitizer-2.5.0.tgz",
      "integrity": "sha512-axq4dGwm3bjY/iR1DoPxrnJOt2SKXD0Cy1QYihK4yZx25CEDpfdSUBE71oz77BSYFz+KQZvh6A3xxOgLnVEoWA==",
      "requires": {
        "lodash.isplainobject": "^4.0.6",
        "xss": "^1.0.8"
      }
    },
    "@esri/calcite-colors": {
      "version": "5.0.0",
      "resolved": "https://registry.npmjs.org/@esri/calcite-colors/-/calcite-colors-5.0.0.tgz",
      "integrity": "sha512-8+coTzRjHQkk/T7UTvX4bTpseyiL41lKzAfVC11b4C3ORKrIOI+uhJFssBb0rGl7N40Epuzxto/2HY8xs4pLsA=="
    },
    "@popperjs/core": {
      "version": "2.4.4",
      "resolved": "https://registry.npmjs.org/@popperjs/core/-/core-2.4.4.tgz",
      "integrity": "sha512-1oO6+dN5kdIA3sKPZhRGJTfGVP4SWV6KqlMOwry4J3HfyD68sl/3KmG7DeYUzvN+RbhXDnv/D8vNNB8168tAMg=="
    },
    "colorette": {
      "version": "1.2.1",
      "resolved": "https://registry.npmjs.org/colorette/-/colorette-1.2.1.tgz",
      "integrity": "sha512-puCDz0CzydiSYOrnXpz/PKd69zRrribezjtE9yd4zvytoRc8+RY/KJPvtPFKZS3E3wP6neGyMe0vOTlHO5L3Pw==",
      "dev": true
    },
    "commander": {
      "version": "2.20.3",
      "resolved": "https://registry.npmjs.org/commander/-/commander-2.20.3.tgz",
      "integrity": "sha512-GpVkmM8vF2vQUkj2LvZmD35JxeJOLCwJ9cUkugyk2nuhbv3+mJvpLYYt+0+USMxE+oj+ey/lJEnhZw75x/OMcQ=="
    },
    "cssfilter": {
      "version": "0.0.10",
      "resolved": "https://registry.npmjs.org/cssfilter/-/cssfilter-0.0.10.tgz",
      "integrity": "sha1-xtJnJjKi5cg+AT5oZKQs6N79IK4="
    },
    "esbuild": {
      "version": "0.8.42",
      "resolved": "https://registry.npmjs.org/esbuild/-/esbuild-0.8.42.tgz",
      "integrity": "sha512-zUtj5RMqROCCCH0vV/a7cd8YQg8I0GWBhV3A3PklWRT+oM/YwVbnrtFnITzE1otGdnXplWHWdZ4OcYiV0PN+JQ==",
      "dev": true
    },
    "focus-trap": {
      "version": "6.2.3",
      "resolved": "https://registry.npmjs.org/focus-trap/-/focus-trap-6.2.3.tgz",
      "integrity": "sha512-87orNbj6UqKEDxmqDfYBDLBbqgxNIA5cXUBvHCt7dZ8/L0KTuzkjKoI0xXHU+5TyI9fImqfOJyvEkXYmZeClZA==",
      "requires": {
        "tabbable": "^5.1.4"
      }
    },
    "fsevents": {
      "version": "2.1.3",
      "resolved": "https://registry.npmjs.org/fsevents/-/fsevents-2.1.3.tgz",
      "integrity": "sha512-Auw9a4AxqWpa9GUfj370BMPzzyncfBABW8Mab7BGWBYDj4Isgq+cDKtx0i6u9jcX9pQDnswsaaOTgTmA5pEjuQ==",
      "dev": true,
      "optional": true
    },
    "function-bind": {
      "version": "1.1.1",
      "resolved": "https://registry.npmjs.org/function-bind/-/function-bind-1.1.1.tgz",
      "integrity": "sha512-yIovAzMX49sF8Yl58fSCWJ5svSLuaibPxXQJFLmBObTuCr0Mf1KiPopGM9NiFjiYBCbfaa2Fh6breQ6ANVTI0A==",
      "dev": true
    },
    "has": {
      "version": "1.0.3",
      "resolved": "https://registry.npmjs.org/has/-/has-1.0.3.tgz",
      "integrity": "sha512-f2dvO0VU6Oej7RkWJGrehjbzMAjFp5/VKPp5tTpWIV4JHHZK1/BxbFRtf/siA2SWTe09caDmVtYYzWEIbBS4zw==",
      "dev": true,
      "requires": {
        "function-bind": "^1.1.1"
      }
    },
    "is-core-module": {
      "version": "2.2.0",
      "resolved": "https://registry.npmjs.org/is-core-module/-/is-core-module-2.2.0.tgz",
      "integrity": "sha512-XRAfAdyyY5F5cOXn7hYQDqh2Xmii+DEfIcQGxK/uNwMHhIkPWO0g8msXcbzLe+MpGoR951MlqM/2iIlU4vKDdQ==",
      "dev": true,
      "requires": {
        "has": "^1.0.3"
      }
    },
    "lodash.isplainobject": {
      "version": "4.0.6",
      "resolved": "https://registry.npmjs.org/lodash.isplainobject/-/lodash.isplainobject-4.0.6.tgz",
      "integrity": "sha1-fFJqUtibRcRcxpC4gWO+BJf1UMs="
    },
    "moment": {
      "version": "2.29.1",
      "resolved": "https://registry.npmjs.org/moment/-/moment-2.29.1.tgz",
      "integrity": "sha512-kHmoybcPV8Sqy59DwNDY3Jefr64lK/by/da0ViFcuA4DH0vQg5Q6Ze5VimxkfQNSC+Mls/Kx53s7TjP1RhFEDQ=="
    },
    "nanoid": {
      "version": "3.1.20",
      "resolved": "https://registry.npmjs.org/nanoid/-/nanoid-3.1.20.tgz",
      "integrity": "sha512-a1cQNyczgKbLX9jwbS/+d7W8fX/RfgYR7lVWwWOGIPNgK2m0MWvrGF6/m4kk6U3QcFMnZf3RIhL0v2Jgh/0Uxw==",
      "dev": true
    },
    "ncp": {
      "version": "2.0.0",
      "resolved": "https://registry.npmjs.org/ncp/-/ncp-2.0.0.tgz",
      "integrity": "sha1-GVoh1sRuNh0vsSgbo4uR6d9727M=",
      "dev": true
    },
    "path-parse": {
      "version": "1.0.6",
      "resolved": "https://registry.npmjs.org/path-parse/-/path-parse-1.0.6.tgz",
      "integrity": "sha512-GSmOT2EbHrINBf9SR7CDELwlJ8AENk3Qn7OikK4nFYAu3Ote2+JYNVvkpAEQm3/TLNEJFD/xZJjzyxg3KBWOzw==",
      "dev": true
    },
    "postcss": {
      "version": "8.2.4",
      "resolved": "https://registry.npmjs.org/postcss/-/postcss-8.2.4.tgz",
      "integrity": "sha512-kRFftRoExRVXZlwUuay9iC824qmXPcQQVzAjbCCgjpXnkdMCJYBu2gTwAaFBzv8ewND6O8xFb3aELmEkh9zTzg==",
      "dev": true,
      "requires": {
        "colorette": "^1.2.1",
        "nanoid": "^3.1.20",
        "source-map": "^0.6.1"
      }
    },
    "resolve": {
      "version": "1.19.0",
      "resolved": "https://registry.npmjs.org/resolve/-/resolve-1.19.0.tgz",
      "integrity": "sha512-rArEXAgsBG4UgRGcynxWIWKFvh/XZCcS8UJdHhwy91zwAvCZIbcs+vAbflgBnNjYMs/i/i+/Ux6IZhML1yPvxg==",
      "dev": true,
      "requires": {
        "is-core-module": "^2.1.0",
        "path-parse": "^1.0.6"
      }
    },
    "rollup": {
      "version": "2.38.5",
      "resolved": "https://registry.npmjs.org/rollup/-/rollup-2.38.5.tgz",
      "integrity": "sha512-VoWt8DysFGDVRGWuHTqZzT02J0ASgjVq/hPs9QcBOGMd7B+jfTr/iqMVEyOi901rE3xq+Deq66GzIT1yt7sGwQ==",
      "dev": true,
      "requires": {
        "fsevents": "~2.3.1"
      },
      "dependencies": {
        "fsevents": {
          "version": "2.3.2",
          "resolved": "https://registry.npmjs.org/fsevents/-/fsevents-2.3.2.tgz",
          "integrity": "sha512-xiqMQR4xAeHTuB9uWm+fFRcIOgKBMiOBP+eXiyT7jsgVCq1bkVygt00oASowB7EdtpOHaaPgKt812P9ab+DDKA==",
          "dev": true,
          "optional": true
        }
      }
    },
    "sortablejs": {
      "version": "1.10.2",
      "resolved": "https://registry.npmjs.org/sortablejs/-/sortablejs-1.10.2.tgz",
      "integrity": "sha512-YkPGufevysvfwn5rfdlGyrGjt7/CRHwvRPogD/lC+TnvcN29jDpCifKP+rBqf+LRldfXSTh+0CGLcSg0VIxq3A=="
    },
    "source-map": {
      "version": "0.6.1",
      "resolved": "https://registry.npmjs.org/source-map/-/source-map-0.6.1.tgz",
      "integrity": "sha512-UjgapumWlbMhkBgzT7Ykc5YXUT46F0iKu8SGXq0bcwP5dz/h0Plj6enJqjz1Zbq2l5WaqYnrVbwWOWMyF3F47g==",
      "dev": true
    },
    "tabbable": {
      "version": "5.1.5",
      "resolved": "https://registry.npmjs.org/tabbable/-/tabbable-5.1.5.tgz",
      "integrity": "sha512-oVAPrWgLLqrbvQE8XqcU7CVBq6SQbaIbHkhOca3u7/jzuQvyZycrUKPCGr04qpEIUslmUlULbSeN+m3QrKEykA=="
    },
    "vite": {
      "version": "2.0.0-beta.64",
      "resolved": "https://registry.npmjs.org/vite/-/vite-2.0.0-beta.64.tgz",
      "integrity": "sha512-/dR5rOXohhdXfkAIBAjmwX7JmoMWhQc7+VI6/EjyqXQCQzREmfBztLgTk/rPkmsNY87Cd71u9b+nlbcYK4TDCA==",
      "dev": true,
      "requires": {
        "esbuild": "^0.8.34",
        "fsevents": "~2.1.2",
        "postcss": "^8.2.1",
        "resolve": "^1.19.0",
        "rollup": "^2.35.1"
      }
    },
    "xss": {
      "version": "1.0.8",
      "resolved": "https://registry.npmjs.org/xss/-/xss-1.0.8.tgz",
      "integrity": "sha512-3MgPdaXV8rfQ/pNn16Eio6VXYPTkqwa0vc7GkiymmY/DqR1SE/7VPAAVZz1GJsJFrllMYO3RHfEaiUGjab6TNw==",
      "requires": {
        "commander": "^2.20.3",
        "cssfilter": "0.0.10"
      }
    }
  }
}
